
Microsoft Visual Studio Solution File, Format Version 12.00
# Visual Studio Version 17
VisualStudioVersion = 17.13.35825.156 d17.13
MinimumVisualStudioVersion = 10.0.40219.1
Project("{FAE04EC0-301F-11D3-BF4B-00C04F79EFBC}") = "RepasoCSharp", "RepasoCSharp\RepasoCSharp.csproj", "{7BEF7696-A3AB-4B9E-8B70-CDD41D9B6C2B}"
EndProject
Global
	GlobalSection(SolutionConfigurationPlatforms) = preSolution
		Debug|Any CPU = Debug|Any CPU
		Release|Any CPU = Release|Any CPU
	EndGlobalSection
	GlobalSection(ProjectConfigurationPlatforms) = postSolution
		{7BEF7696-A3AB-4B9E-8B70-CDD41D9B6C2B}.Debug|Any CPU.ActiveCfg = Debug|Any CPU
		{7BEF7696-A3AB-4B9E-8B70-CDD41D9B6C2B}.Debug|Any CPU.Build.0 = Debug|Any CPU
		{7BEF7696-A3AB-4B9E-8B70-CDD41D9B6C2B}.Release|Any CPU.ActiveCfg = Release|Any CPU
		{7BEF7696-A3AB-4B9E-8B70-CDD41D9B6C2B}.Release|Any CPU.Build.0 = Release|Any CPU
	EndGlobalSection
	GlobalSection(SolutionProperties) = preSolution
		HideSolutionNode = FALSE
	EndGlobalSection
	GlobalSection(ExtensibilityGlobals) = postSolution
		SolutionGuid = {45FA3840-F5F5-4A16-BFE4-1DFAF0D6BB6B}
	EndGlobalSection
EndGlobal
